{
  "name": "paillier-js",
  "version": "0.9.2",
  "lockfileVersion": 1,
  "requires": true,
  "dependencies": {
    "big-integer": {
      "version": "1.6.28",
      "resolved": "https://registry.npmjs.org/big-integer/-/big-integer-1.6.28.tgz",
      "integrity": "sha512-OJT3rzgtsYca/5WmmEuFJDPMwROVh5SSjoEX9wIrpfbbWJ4KqRzShs8Cj6jWHaatBYAeWngBA+kmmrcHSklT1g=="
    }
  }
}
